<?xml version="1.0" encoding="utf-8"?>
<Project ToolsVersion="4.0" xmlns="http://schemas.microsoft.com/developer/msbuild/2003">
  <ItemGroup>
    <Filter Include="Source files">
      <UniqueIdentifier>{bb96348b-905b-4ab0-831f-b3316ff61ecd}</UniqueIdentifier>
      <Extensions>cpp;c;cc;cxx;def;odl;idl;hpj;bat;asm;asmx</Extensions>
    </Filter>
    <Filter Include="Header files">
      <UniqueIdentifier>{33ee0846-7d10-4e5a-afab-b0e2a7c13c18}</UniqueIdentifier>
      <Extensions>h;hpp;hxx;hm;inl;inc;xsd</Extensions>
    </Filter>
    <Filter Include="Resource files">
      <UniqueIdentifier>{0e6b8073-a9a0-4d31-9821-02b2b4d8d11c}</UniqueIdentifier>
      <Extensions>rc;ico;cur;bmp;dlg;rc2;rct;bin;rgs;gif;jpg;jpeg;jpe;resx;tiff;tif;png;wav</Extensions>
    </Filter>
    <Filter Include="VisualGDB settings">
      <UniqueIdentifier>{8e16b285-7f16-4c73-9dd0-39969960d1e5}</UniqueIdentifier>
      <Extensions>*.vgdbsettings</Extensions>
    </Filter>
  </ItemGroup>
  <ItemGroup>
    <None Include="C10K-Debug.vgdbsettings">
      <Filter>VisualGDB settings</Filter>
    </None>
    <None Include="C10K-Release.vgdbsettings">
      <Filter>VisualGDB settings</Filter>
    </None>
  </ItemGroup>
  <ItemGroup>
    <ClCompile Include="src\utility\SimpleClientApi.cpp">
      <Filter>Source files</Filter>
    </ClCompile>
    <ClCompile Include="src\utility\SimpleServerApi.cpp">
      <Filter>Source files</Filter>
    </ClCompile>
    <ClCompile Include="src\test\simple_server.cpp">
      <Filter>Source files</Filter>
    </ClCompile>
    <ClCompile Include="src\test\simple_client.cpp">
      <Filter>Source files</Filter>
    </ClCompile>
    <ClCompile Include="src\test\server_with_multiple_process.cpp">
      <Filter>Source files</Filter>
    </ClCompile>
  </ItemGroup>
  <ItemGroup>
    <ClInclude Include="include\SimpleClientApi.h">
      <Filter>Header files</Filter>
    </ClInclude>
    <ClInclude Include="include\SimpleServerApi.h">
      <Filter>Header files</Filter>
    </ClInclude>
  </ItemGroup>
  <ItemGroup>
    <Text Include="CMakeLists.txt" />
    <Text Include="src\CMakeLists.txt" />
    <Text Include="src\utility\CMakeLists.txt" />
    <Text Include="src\test\CMakeLists.txt" />
  </ItemGroup>
</Project>